// !$*UTF8*$!
{
	archiveVersion = 1;
	classes = {
	};
	objectVersion = 56;
	objects = {

/* Begin PBXBuildFile section */
		474E6092299603B9007B4F24 /* AppDelegate.swift in Sources */ = {isa = PBXBuildFile; fileRef = 474E6091299603B9007B4F24 /* AppDelegate.swift */; };
		474E6094299603B9007B4F24 /* SceneDelegate.swift in Sources */ = {isa = PBXBuildFile; fileRef = 474E6093299603B9007B4F24 /* SceneDelegate.swift */; };
		474E6096299603B9007B4F24 /* ViewController.swift in Sources */ = {isa = PBXBuildFile; fileRef = 474E6095299603B9007B4F24 /* ViewController.swift */; };
		474E6099299603B9007B4F24 /* Main.storyboard in Resources */ = {isa = PBXBuildFile; fileRef = 474E6097299603B9007B4F24 /* Main.storyboard */; };
		474E609B299603BB007B4F24 /* Assets.xcassets in Resources */ = {isa = PBXBuildFile; fileRef = 474E609A299603BB007B4F24 /* Assets.xcassets */; };
		474E609E299603BB007B4F24 /* LaunchScreen.storyboard in Resources */ = {isa = PBXBuildFile; fileRef = 474E609C299603BB007B4F24 /* LaunchScreen.storyboard */; };
		474E60A6299609F9007B4F24 /* ColorViewController.swift in Sources */ = {isa = PBXBuildFile; fileRef = 474E60A5299609F9007B4F24 /* ColorViewController.swift */; };
		474E60A8299710C8007B4F24 /* ColorView1Controller.swift in Sources */ = {isa = PBXBuildFile; fileRef = 474E60A7299710C8007B4F24 /* ColorView1Controller.swift */; };
		474E60AA299760F1007B4F24 /* TabViewController.swift in Sources */ = {isa = PBXBuildFile; fileRef = 474E60A9299760F1007B4F24 /* TabViewController.swift */; };
		474E60AC29976353007B4F24 /* RandomColorViewController.swift in Sources */ = {isa = PBXBuildFile; fileRef = 474E60AB29976353007B4F24 /* RandomColorViewController.swift */; };
/* End PBXBuildFile section */

/* Begin PBXFileReference section */
		474E608E299603B9007B4F24 /* UIViewController-Example.app */ = {isa = PBXFileReference; explicitFileType = wrapper.application; includeInIndex = 0; path = "UIViewController-Example.app"; sourceTree = BUILT_PRODUCTS_DIR; };
		474E6091299603B9007B4F24 /* AppDelegate.swift */ = {isa = PBXFileReference; lastKnownFileType = sourcecode.swift; path = AppDelegate.swift; sourceTree = "<group>"; };
		474E6093299603B9007B4F24 /* SceneDelegate.swift */ = {isa = PBXFileReference; lastKnownFileType = sourcecode.swift; path = SceneDelegate.swift; sourceTree = "<group>"; };
		474E6095299603B9007B4F24 /* ViewController.swift */ = {isa = PBXFileReference; lastKnownFileType = sourcecode.swift; path = ViewController.swift; sourceTree = "<group>"; };
		474E6098299603B9007B4F24 /* Base */ = {isa = PBXFileReference; lastKnownFileType = file.storyboard; name = Base; path = Base.lproj/Main.storyboard; sourceTree = "<group>"; };
		474E609A299603BB007B4F24 /* Assets.xcassets */ = {isa = PBXFileReference; lastKnownFileType = folder.assetcatalog; path = Assets.xcassets; sourceTree = "<group>"; };
		474E609D299603BB007B4F24 /* Base */ = {isa = PBXFileReference; lastKnownFileType = file.storyboard; name = Base; path = Base.lproj/LaunchScreen.storyboard; sourceTree = "<group>"; };
		474E609F299603BB007B4F24 /* Info.plist */ = {isa = PBXFileReference; lastKnownFileType = text.plist.xml; path = Info.plist; sourceTree = "<group>"; };
		474E60A5299609F9007B4F24 /* ColorViewController.swift */ = {isa = PBXFileReference; lastKnownFileType = sourcecode.swift; path = ColorViewController.swift; sourceTree = "<group>"; };
		474E60A7299710C8007B4F24 /* ColorView1Controller.swift */ = {isa = PBXFileReference; lastKnownFileType = sourcecode.swift; path = ColorView1Controller.swift; sourceTree = "<group>"; };
		474E60A9299760F1007B4F24 /* TabViewController.swift */ = {isa = PBXFileReference; lastKnownFileType = sourcecode.swift; path = TabViewController.swift; sourceTree = "<group>"; };
		474E60AB29976353007B4F24 /* RandomColorViewController.swift */ = {isa = PBXFileReference; lastKnownFileType = sourcecode.swift; path = RandomColorViewController.swift; sourceTree = "<group>"; };
/* End PBXFileReference section */

/* Begin PBXFrameworksBuildPhase section */
		474E608B299603B9007B4F24 /* Frameworks */ = {
			isa = PBXFrameworksBuildPhase;
			buildActionMask = 2147483647;
			files = (
			);
			runOnlyForDeploymentPostprocessing = 0;
		};
/* End PBXFrameworksBuildPhase section */

/* Begin PBXGroup section */
		474E6085299603B9007B4F24 = {
			isa = PBXGroup;
			children = (
				474E6090299603B9007B4F24 /* UIViewController-Example */,
				474E608F299603B9007B4F24 /* Products */,
			);
			sourceTree = "<group>";
		};
		474E608F299603B9007B4F24 /* Products */ = {
			isa = PBXGroup;
			children = (
				474E608E299603B9007B4F24 /* UIViewController-Example.app */,
			);
			name = Products;
			sourceTree = "<group>";
		};
		474E6090299603B9007B4F24 /* UIViewController-Example */ = {
			isa = PBXGroup;
			children = (
				474E60A5299609F9007B4F24 /* ColorViewController.swift */,
				474E6091299603B9007B4F24 /* AppDelegate.swift */,
				474E6093299603B9007B4F24 /* SceneDelegate.swift */,
				474E6095299603B9007B4F24 /* ViewController.swift */,
				474E60A7299710C8007B4F24 /* ColorView1Controller.swift */,
				474E6097299603B9007B4F24 /* Main.storyboard */,
				474E609A299603BB007B4F24 /* Assets.xcassets */,
				474E609C299603BB007B4F24 /* LaunchScreen.storyboard */,
				474E609F299603BB007B4F24 /* Info.plist */,
				474E60A9299760F1007B4F24 /* TabViewController.swift */,
				474E60AB29976353007B4F24 /* RandomColorViewController.swift */,
			);
			path = "UIViewController-Example";
			sourceTree = "<group>";
		};
/* End PBXGroup section */

/* Begin PBXNativeTarget section */
		474E608D299603B9007B4F24 /* UIViewController-Example */ = {
			isa = PBXNativeTarget;
			buildConfigurationList = 474E60A2299603BB007B4F24 /* Build configuration list for PBXNativeTarget "UIViewController-Example" */;
			buildPhases = (
				474E608A299603B9007B4F24 /* Sources */,
				474E608B299603B9007B4F24 /* Frameworks */,
				474E608C299603B9007B4F24 /* Resources */,
			);
			buildRules = (
			);
			dependencies = (
			);
			name = "UIViewController-Example";
			productName = "UIViewController-Example";
			productReference = 474E608E299603B9007B4F24 /* UIViewController-Example.app */;
			productType = "com.apple.product-type.application";
		};
/* End PBXNativeTarget section */

/* Begin PBXProject section */
		474E6086299603B9007B4F24 /* Project object */ = {
			isa = PBXProject;
			attributes = {
				BuildIndependentTargetsInParallel = 1;
				LastSwiftUpdateCheck = 1420;
				LastUpgradeCheck = 1420;
				TargetAttributes = {
					474E608D299603B9007B4F24 = {
						CreatedOnToolsVersion = 14.2;
					};
				};
			};
			buildConfigurationList = 474E6089299603B9007B4F24 /* Build configuration list for PBXProject "UIViewController-Example" */;
			compatibilityVersion = "Xcode 14.0";
			developmentRegion = en;
			hasScannedForEncodings = 0;
			knownRegions = (
				en,
				Base,
			);
			mainGroup = 474E6085299603B9007B4F24;
			productRefGroup = 474E608F299603B9007B4F24 /* Products */;
			projectDirPath = "";
			projectRoot = "";
			targets = (
				474E608D299603B9007B4F24 /* UIViewController-Example */,
			);
		};
/* End PBXProject section */

/* Begin PBXResourcesBuildPhase section */
		474E608C299603B9007B4F24 /* Resources */ = {
			isa = PBXResourcesBuildPhase;
			buildActionMask = 2147483647;
			files = (
				474E609E299603BB007B4F24 /* LaunchScreen.storyboard in Resources */,
				474E609B299603BB007B4F24 /* Assets.xcassets in Resources */,
				474E6099299603B9007B4F24 /* Main.storyboard in Resources */,
			);
			runOnlyForDeploymentPostprocessing = 0;
		};
/* End PBXResourcesBuildPhase section */

/* Begin PBXSourcesBuildPhase section */
		474E608A299603B9007B4F24 /* Sources */ = {
			isa = PBXSourcesBuildPhase;
			buildActionMask = 2147483647;
			files = (
				474E60AA299760F1007B4F24 /* TabViewController.swift in Sources */,
				474E60A8299710C8007B4F24 /* ColorView1Controller.swift in Sources */,
				474E6096299603B9007B4F24 /* ViewController.swift in Sources */,
				474E6092299603B9007B4F24 /* AppDelegate.swift in Sources */,
				474E60A6299609F9007B4F24 /* ColorViewController.swift in Sources */,
				474E6094299603B9007B4F24 /* SceneDelegate.swift in Sources */,
				474E60AC29976353007B4F24 /* RandomColorViewController.swift in Sources */,
			);
			runOnlyForDeploymentPostprocessing = 0;
		};
/* End PBXSourcesBuildPhase section */

/* Begin PBXVariantGroup section */
		474E6097299603B9007B4F24 /* Main.storyboard */ = {
			isa = PBXVariantGroup;
			children = (
				474E6098299603B9007B4F24 /* Base */,
			);
			name = Main.storyboard;
			sourceTree = "<group>";
		};
		474E609C299603BB007B4F24 /* LaunchScreen.storyboard */ = {
			isa = PBXVariantGroup;
			children = (
				474E609D299603BB007B4F24 /* Base */,
			);
			name = LaunchScreen.storyboard;
			sourceTree = "<group>";
		};
/* End PBXVariantGroup section */

/* Begin XCBuildConfiguration section */
		474E60A0299603BB007B4F24 /* Debug */ = {
			isa = XCBuildConfiguration;
			buildSettings = {
				ALWAYS_SEARCH_USER_PATHS = NO;
				CLANG_ANALYZER_NONNULL = YES;
				CLANG_ANALYZER_NUMBER_OBJECT_CONVERSION = YES_AGGRESSIVE;
				CLANG_CXX_LANGUAGE_STANDARD = "gnu++20";
				CLANG_ENABLE_MODULES = YES;
				CLANG_ENABLE_OBJC_ARC = YES;
				CLANG_ENABLE_OBJC_WEAK = YES;
				CLANG_WARN_BLOCK_CAPTURE_AUTORELEASING = YES;
				CLANG_WARN_BOOL_CONVERSION = YES;
				CLANG_WARN_COMMA = YES;
				CLANG_WARN_CONSTANT_CONVERSION = YES;
				CLANG_WARN_DEPRECATED_OBJC_IMPLEMENTATIONS = YES;
				CLANG_WARN_DIRECT_OBJC_ISA_USAGE = YES_ERROR;
				CLANG_WARN_DOCUMENTATION_COMMENTS = YES;
				CLANG_WARN_EMPTY_BODY = YES;
				CLANG_WARN_ENUM_CONVERSION = YES;
				CLANG_WARN_INFINITE_RECURSION = YES;
				CLANG_WARN_INT_CONVERSION = YES;
				CLANG_WARN_NON_LITERAL_NULL_CONVERSION = YES;
				CLANG_WARN_OBJC_IMPLICIT_RETAIN_SELF = YES;
				CLANG_WARN_OBJC_LITERAL_CONVERSION = YES;
				CLANG_WARN_OBJC_ROOT_CLASS = YES_ERROR;
				CLANG_WARN_QUOTED_INCLUDE_IN_FRAMEWORK_HEADER = YES;
				CLANG_WARN_RANGE_LOOP_ANALYSIS = YES;
				CLANG_WARN_STRICT_PROTOTYPES = YES;
				CLANG_WARN_SUSPICIOUS_MOVE = YES;
				CLANG_WARN_UNGUARDED_AVAILABILITY = YES_AGGRESSIVE;
				CLANG_WARN_UNREACHABLE_CODE = YES;
				CLANG_WARN__DUPLICATE_METHOD_MATCH = YES;
				COPY_PHASE_STRIP = NO;
				DEBUG_INFORMATION_FORMAT = dwarf;
				ENABLE_STRICT_OBJC_MSGSEND = YES;
				ENABLE_TESTABILITY = YES;
				GCC_C_LANGUAGE_STANDARD = gnu11;
				GCC_DYNAMIC_NO_PIC = NO;
				GCC_NO_COMMON_BLOCKS = YES;
				GCC_OPTIMIZATION_LEVEL = 0;
				GCC_PREPROCESSOR_DEFINITIONS = (
					"DEBUG=1",
					"$(inherited)",
				);
				GCC_WARN_64_TO_32_BIT_CONVERSION = YES;
				GCC_WARN_ABOUT_RETURN_TYPE = YES_ERROR;
				GCC_WARN_UNDECLARED_SELECTOR = YES;
				GCC_WARN_UNINITIALIZED_AUTOS = YES_AGGRESSIVE;
				GCC_WARN_UNUSED_FUNCTION = YES;
				GCC_WARN_UNUSED_VARIABLE = YES;
				IPHONEOS_DEPLOYMENT_TARGET = 16.2;
				MTL_ENABLE_DEBUG_INFO = INCLUDE_SOURCE;
				MTL_FAST_MATH = YES;
				ONLY_ACTIVE_ARCH = YES;
				SDKROOT = iphoneos;
				SWIFT_ACTIVE_COMPILATION_CONDITIONS = DEBUG;
				SWIFT_OPTIMIZATION_LEVEL = "-Onone";
			};
			name = Debug;
		};
		474E60A1299603BB007B4F24 /* Release */ = {
			isa = XCBuildConfiguration;
			buildSettings = {
				ALWAYS_SEARCH_USER_PATHS = NO;
				CLANG_ANALYZER_NONNULL = YES;
				CLANG_ANALYZER_NUMBER_OBJECT_CONVERSION = YES_AGGRESSIVE;
				CLANG_CXX_LANGUAGE_STANDARD = "gnu++20";
				CLANG_ENABLE_MODULES = YES;
				CLANG_ENABLE_OBJC_ARC = YES;
				CLANG_ENABLE_OBJC_WEAK = YES;
				CLANG_WARN_BLOCK_CAPTURE_AUTORELEASING = YES;
				CLANG_WARN_BOOL_CONVERSION = YES;
				CLANG_WARN_COMMA = YES;
				CLANG_WARN_CONSTANT_CONVERSION = YES;
				CLANG_WARN_DEPRECATED_OBJC_IMPLEMENTATIONS = YES;
				CLANG_WARN_DIRECT_OBJC_ISA_USAGE = YES_ERROR;
				CLANG_WARN_DOCUMENTATION_COMMENTS = YES;
				CLANG_WARN_EMPTY_BODY = YES;
				CLANG_WARN_ENUM_CONVERSION = YES;
				CLANG_WARN_INFINITE_RECURSION = YES;
				CLANG_WARN_INT_CONVERSION = YES;
				CLANG_WARN_NON_LITERAL_NULL_CONVERSION = YES;
				CLANG_WARN_OBJC_IMPLICIT_RETAIN_SELF = YES;
				CLANG_WARN_OBJC_LITERAL_CONVERSION = YES;
				CLANG_WARN_OBJC_ROOT_CLASS = YES_ERROR;
				CLANG_WARN_QUOTED_INCLUDE_IN_FRAMEWORK_HEADER = YES;
				CLANG_WARN_RANGE_LOOP_ANALYSIS = YES;
				CLANG_WARN_STRICT_PROTOTYPES = YES;
				CLANG_WARN_SUSPICIOUS_MOVE = YES;
				CLANG_WARN_UNGUARDED_AVAILABILITY = YES_AGGRESSIVE;
				CLANG_WARN_UNREACHABLE_CODE = YES;
				CLANG_WARN__DUPLICATE_METHOD_MATCH = YES;
				COPY_PHASE_STRIP = NO;
				DEBUG_INFORMATION_FORMAT = "dwarf-with-dsym";
				ENABLE_NS_ASSERTIONS = NO;
				ENABLE_STRICT_OBJC_MSGSEND = YES;
				GCC_C_LANGUAGE_STANDARD = gnu11;
				GCC_NO_COMMON_BLOCKS = YES;
				GCC_WARN_64_TO_32_BIT_CONVERSION = YES;
				GCC_WARN_ABOUT_RETURN_TYPE = YES_ERROR;
				GCC_WARN_UNDECLARED_SELECTOR = YES;
				GCC_WARN_UNINITIALIZED_AUTOS = YES_AGGRESSIVE;
				GCC_WARN_UNUSED_FUNCTION = YES;
				GCC_WARN_UNUSED_VARIABLE = YES;
				IPHONEOS_DEPLOYMENT_TARGET = 16.2;
				MTL_ENABLE_DEBUG_INFO = NO;
				MTL_FAST_MATH = YES;
				SDKROOT = iphoneos;
				SWIFT_COMPILATION_MODE = wholemodule;
				SWIFT_OPTIMIZATION_LEVEL = "-O";
				VALIDATE_PRODUCT = YES;
			};
			name = Release;
		};
		474E60A3299603BB007B4F24 /* Debug */ = {
			isa = XCBuildConfiguration;
			buildSettings = {
				ASSETCATALOG_COMPILER_APPICON_NAME = AppIcon;
				ASSETCATALOG_COMPILER_GLOBAL_ACCENT_COLOR_NAME = AccentColor;
				CODE_SIGN_STYLE = Automatic;
				CURRENT_PROJECT_VERSION = 1;
				DEVELOPMENT_TEAM = 9DJ3NHWZB3;
				GENERATE_INFOPLIST_FILE = YES;
				INFOPLIST_FILE = "UIViewController-Example/Info.plist";
				INFOPLIST_KEY_UIApplicationSupportsIndirectInputEvents = YES;
				INFOPLIST_KEY_UILaunchStoryboardName = LaunchScreen;
				INFOPLIST_KEY_UIMainStoryboardFile = Main;
				INFOPLIST_KEY_UISupportedInterfaceOrientations_iPad = "UIInterfaceOrientationPortrait UIInterfaceOrientationPortraitUpsideDown UIInterfaceOrientationLandscapeLeft UIInterfaceOrientationLandscapeRight";
				INFOPLIST_KEY_UISupportedInterfaceOrientations_iPhone = "UIInterfaceOrientationPortrait UIInterfaceOrientationLandscapeLeft UIInterfaceOrientationLandscapeRight";
				LD_RUNPATH_SEARCH_PATHS = (
					"$(inherited)",
					"@executable_path/Frameworks",
				);
				MARKETING_VERSION = 1.0;
				PRODUCT_BUNDLE_IDENTIFIER = "com.cs4372.UIViewController-Example";
				PRODUCT_NAME = "$(TARGET_NAME)";
				SWIFT_EMIT_LOC_STRINGS = YES;
				SWIFT_VERSION = 5.0;
				TARGETED_DEVICE_FAMILY = "1,2";
			};
			name = Debug;
		};
		474E60A4299603BB007B4F24 /* Release */ = {
			isa = XCBuildConfiguration;
			buildSettings = {
				ASSETCATALOG_COMPILER_APPICON_NAME = AppIcon;
				ASSETCATALOG_COMPILER_GLOBAL_ACCENT_COLOR_NAME = AccentColor;
				CODE_SIGN_STYLE = Automatic;
				CURRENT_PROJECT_VERSION = 1;
				DEVELOPMENT_TEAM = 9DJ3NHWZB3;
				GENERATE_INFOPLIST_FILE = YES;
				INFOPLIST_FILE = "UIViewController-Example/Info.plist";
				INFOPLIST_KEY_UIApplicationSupportsIndirectInputEvents = YES;
				INFOPLIST_KEY_UILaunchStoryboardName = LaunchScreen;
				INFOPLIST_KEY_UIMainStoryboardFile = Main;
				INFOPLIST_KEY_UISupportedInterfaceOrientations_iPad = "UIInterfaceOrientationPortrait UIInterfaceOrientationPortraitUpsideDown UIInterfaceOrientationLandscapeLeft UIInterfaceOrientationLandscapeRight";
				INFOPLIST_KEY_UISupportedInterfaceOrientations_iPhone = "UIInterfaceOrientationPortrait UIInterfaceOrientationLandscapeLeft UIInterfaceOrientationLandscapeRight";
				LD_RUNPATH_SEARCH_PATHS = (
					"$(inherited)",
					"@executable_path/Frameworks",
				);
				MARKETING_VERSION = 1.0;
				PRODUCT_BUNDLE_IDENTIFIER = "com.cs4372.UIViewController-Example";
				PRODUCT_NAME = "$(TARGET_NAME)";
				SWIFT_EMIT_LOC_STRINGS = YES;
				SWIFT_VERSION = 5.0;
				TARGETED_DEVICE_FAMILY = "1,2";
			};
			name = Release;
		};
/* End XCBuildConfiguration section */

/* Begin XCConfigurationList section */
		474E6089299603B9007B4F24 /* Build configuration list for PBXProject "UIViewController-Example" */ = {
			isa = XCConfigurationList;
			buildConfigurations = (
				474E60A0299603BB007B4F24 /* Debug */,
				474E60A1299603BB007B4F24 /* Release */,
			);
			defaultConfigurationIsVisible = 0;
			defaultConfigurationName = Release;
		};
		474E60A2299603BB007B4F24 /* Build configuration list for PBXNativeTarget "UIViewController-Example" */ = {
			isa = XCConfigurationList;
			buildConfigurations = (
				474E60A3299603BB007B4F24 /* Debug */,
				474E60A4299603BB007B4F24 /* Release */,
			);
			defaultConfigurationIsVisible = 0;
			defaultConfigurationName = Release;
		};
/* End XCConfigurationList section */
	};
	rootObject = 474E6086299603B9007B4F24 /* Project object */;
}
