// !$*UTF8*$!
{
	archiveVersion = 1;
	classes = {
	};
	objectVersion = 56;
	objects = {

/* Begin PBXBuildFile section */
		47C783562A4761AA00E9A61A /* AppDelegate.swift in Sources */ = {isa = PBXBuildFile; fileRef = 47C783552A4761AA00E9A61A /* AppDelegate.swift */; };
		47C783582A4761AA00E9A61A /* SceneDelegate.swift in Sources */ = {isa = PBXBuildFile; fileRef = 47C783572A4761AA00E9A61A /* SceneDelegate.swift */; };
		47C7835F2A4761AC00E9A61A /* Assets.xcassets in Resources */ = {isa = PBXBuildFile; fileRef = 47C7835E2A4761AC00E9A61A /* Assets.xcassets */; };
		47C783622A4761AC00E9A61A /* LaunchScreen.storyboard in Resources */ = {isa = PBXBuildFile; fileRef = 47C783602A4761AC00E9A61A /* LaunchScreen.storyboard */; };
		47C783722A47630900E9A61A /* Constants.swift in Sources */ = {isa = PBXBuildFile; fileRef = 47C783712A47630800E9A61A /* Constants.swift */; };
		47C783742A47668100E9A61A /* APIKey.plist in Resources */ = {isa = PBXBuildFile; fileRef = 47C783732A47668100E9A61A /* APIKey.plist */; };
		47C783762A47C23D00E9A61A /* Coin.swift in Sources */ = {isa = PBXBuildFile; fileRef = 47C783752A47C23D00E9A61A /* Coin.swift */; };
		47C783782A47C5BE00E9A61A /* CoinCell.swift in Sources */ = {isa = PBXBuildFile; fileRef = 47C783772A47C5BE00E9A61A /* CoinCell.swift */; };
		47C7837A2A47C6CA00E9A61A /* HomeController.swift in Sources */ = {isa = PBXBuildFile; fileRef = 47C783792A47C6CA00E9A61A /* HomeController.swift */; };
		47C7837C2A47DBFF00E9A61A /* ViewCryptoController.swift in Sources */ = {isa = PBXBuildFile; fileRef = 47C7837B2A47DBFF00E9A61A /* ViewCryptoController.swift */; };
/* End PBXBuildFile section */

/* Begin PBXFileReference section */
		47C783522A4761AA00E9A61A /* MVVM-Example2.app */ = {isa = PBXFileReference; explicitFileType = wrapper.application; includeInIndex = 0; path = "MVVM-Example2.app"; sourceTree = BUILT_PRODUCTS_DIR; };
		47C783552A4761AA00E9A61A /* AppDelegate.swift */ = {isa = PBXFileReference; lastKnownFileType = sourcecode.swift; path = AppDelegate.swift; sourceTree = "<group>"; };
		47C783572A4761AA00E9A61A /* SceneDelegate.swift */ = {isa = PBXFileReference; lastKnownFileType = sourcecode.swift; path = SceneDelegate.swift; sourceTree = "<group>"; };
		47C7835E2A4761AC00E9A61A /* Assets.xcassets */ = {isa = PBXFileReference; lastKnownFileType = folder.assetcatalog; path = Assets.xcassets; sourceTree = "<group>"; };
		47C783612A4761AC00E9A61A /* Base */ = {isa = PBXFileReference; lastKnownFileType = file.storyboard; name = Base; path = Base.lproj/LaunchScreen.storyboard; sourceTree = "<group>"; };
		47C783632A4761AC00E9A61A /* Info.plist */ = {isa = PBXFileReference; lastKnownFileType = text.plist.xml; path = Info.plist; sourceTree = "<group>"; };
		47C783712A47630800E9A61A /* Constants.swift */ = {isa = PBXFileReference; lastKnownFileType = sourcecode.swift; path = Constants.swift; sourceTree = "<group>"; };
		47C783732A47668100E9A61A /* APIKey.plist */ = {isa = PBXFileReference; lastKnownFileType = text.plist.xml; path = APIKey.plist; sourceTree = "<group>"; };
		47C783752A47C23D00E9A61A /* Coin.swift */ = {isa = PBXFileReference; lastKnownFileType = sourcecode.swift; path = Coin.swift; sourceTree = "<group>"; };
		47C783772A47C5BE00E9A61A /* CoinCell.swift */ = {isa = PBXFileReference; lastKnownFileType = sourcecode.swift; path = CoinCell.swift; sourceTree = "<group>"; };
		47C783792A47C6CA00E9A61A /* HomeController.swift */ = {isa = PBXFileReference; lastKnownFileType = sourcecode.swift; path = HomeController.swift; sourceTree = "<group>"; };
		47C7837B2A47DBFF00E9A61A /* ViewCryptoController.swift */ = {isa = PBXFileReference; lastKnownFileType = sourcecode.swift; path = ViewCryptoController.swift; sourceTree = "<group>"; };
/* End PBXFileReference section */

/* Begin PBXFrameworksBuildPhase section */
		47C7834F2A4761AA00E9A61A /* Frameworks */ = {
			isa = PBXFrameworksBuildPhase;
			buildActionMask = 2147483647;
			files = (
			);
			runOnlyForDeploymentPostprocessing = 0;
		};
/* End PBXFrameworksBuildPhase section */

/* Begin PBXGroup section */
		47C783492A4761AA00E9A61A = {
			isa = PBXGroup;
			children = (
				47C783732A47668100E9A61A /* APIKey.plist */,
				47C783542A4761AA00E9A61A /* MVVM-Example2 */,
				47C783532A4761AA00E9A61A /* Products */,
			);
			sourceTree = "<group>";
		};
		47C783532A4761AA00E9A61A /* Products */ = {
			isa = PBXGroup;
			children = (
				47C783522A4761AA00E9A61A /* MVVM-Example2.app */,
			);
			name = Products;
			sourceTree = "<group>";
		};
		47C783542A4761AA00E9A61A /* MVVM-Example2 */ = {
			isa = PBXGroup;
			children = (
				47C783702A4762E400E9A61A /* Supporting */,
				47C7836F2A4762DD00E9A61A /* Controllers */,
				47C7836E2A4762CB00E9A61A /* ViewModels */,
				47C7836D2A4762C700E9A61A /* Views */,
				47C7836C2A4762C200E9A61A /* Models */,
				47C7836B2A4762BB00E9A61A /* API */,
				47C783552A4761AA00E9A61A /* AppDelegate.swift */,
				47C783572A4761AA00E9A61A /* SceneDelegate.swift */,
				47C7835E2A4761AC00E9A61A /* Assets.xcassets */,
				47C783602A4761AC00E9A61A /* LaunchScreen.storyboard */,
				47C783632A4761AC00E9A61A /* Info.plist */,
			);
			path = "MVVM-Example2";
			sourceTree = "<group>";
		};
		47C7836B2A4762BB00E9A61A /* API */ = {
			isa = PBXGroup;
			children = (
			);
			path = API;
			sourceTree = "<group>";
		};
		47C7836C2A4762C200E9A61A /* Models */ = {
			isa = PBXGroup;
			children = (
				47C783752A47C23D00E9A61A /* Coin.swift */,
			);
			path = Models;
			sourceTree = "<group>";
		};
		47C7836D2A4762C700E9A61A /* Views */ = {
			isa = PBXGroup;
			children = (
				47C783772A47C5BE00E9A61A /* CoinCell.swift */,
			);
			path = Views;
			sourceTree = "<group>";
		};
		47C7836E2A4762CB00E9A61A /* ViewModels */ = {
			isa = PBXGroup;
			children = (
			);
			path = ViewModels;
			sourceTree = "<group>";
		};
		47C7836F2A4762DD00E9A61A /* Controllers */ = {
			isa = PBXGroup;
			children = (
				47C783792A47C6CA00E9A61A /* HomeController.swift */,
				47C7837B2A47DBFF00E9A61A /* ViewCryptoController.swift */,
			);
			path = Controllers;
			sourceTree = "<group>";
		};
		47C783702A4762E400E9A61A /* Supporting */ = {
			isa = PBXGroup;
			children = (
				47C783712A47630800E9A61A /* Constants.swift */,
			);
			path = Supporting;
			sourceTree = "<group>";
		};
/* End PBXGroup section */

/* Begin PBXNativeTarget section */
		47C783512A4761AA00E9A61A /* MVVM-Example2 */ = {
			isa = PBXNativeTarget;
			buildConfigurationList = 47C783662A4761AC00E9A61A /* Build configuration list for PBXNativeTarget "MVVM-Example2" */;
			buildPhases = (
				47C7834E2A4761AA00E9A61A /* Sources */,
				47C7834F2A4761AA00E9A61A /* Frameworks */,
				47C783502A4761AA00E9A61A /* Resources */,
			);
			buildRules = (
			);
			dependencies = (
			);
			name = "MVVM-Example2";
			productName = "MVVM-Example2";
			productReference = 47C783522A4761AA00E9A61A /* MVVM-Example2.app */;
			productType = "com.apple.product-type.application";
		};
/* End PBXNativeTarget section */

/* Begin PBXProject section */
		47C7834A2A4761AA00E9A61A /* Project object */ = {
			isa = PBXProject;
			attributes = {
				BuildIndependentTargetsInParallel = 1;
				LastSwiftUpdateCheck = 1430;
				LastUpgradeCheck = 1430;
				TargetAttributes = {
					47C783512A4761AA00E9A61A = {
						CreatedOnToolsVersion = 14.3.1;
					};
				};
			};
			buildConfigurationList = 47C7834D2A4761AA00E9A61A /* Build configuration list for PBXProject "MVVM-Example2" */;
			compatibilityVersion = "Xcode 14.0";
			developmentRegion = en;
			hasScannedForEncodings = 0;
			knownRegions = (
				en,
				Base,
			);
			mainGroup = 47C783492A4761AA00E9A61A;
			productRefGroup = 47C783532A4761AA00E9A61A /* Products */;
			projectDirPath = "";
			projectRoot = "";
			targets = (
				47C783512A4761AA00E9A61A /* MVVM-Example2 */,
			);
		};
/* End PBXProject section */

/* Begin PBXResourcesBuildPhase section */
		47C783502A4761AA00E9A61A /* Resources */ = {
			isa = PBXResourcesBuildPhase;
			buildActionMask = 2147483647;
			files = (
				47C783622A4761AC00E9A61A /* LaunchScreen.storyboard in Resources */,
				47C783742A47668100E9A61A /* APIKey.plist in Resources */,
				47C7835F2A4761AC00E9A61A /* Assets.xcassets in Resources */,
			);
			runOnlyForDeploymentPostprocessing = 0;
		};
/* End PBXResourcesBuildPhase section */

/* Begin PBXSourcesBuildPhase section */
		47C7834E2A4761AA00E9A61A /* Sources */ = {
			isa = PBXSourcesBuildPhase;
			buildActionMask = 2147483647;
			files = (
				47C783562A4761AA00E9A61A /* AppDelegate.swift in Sources */,
				47C7837A2A47C6CA00E9A61A /* HomeController.swift in Sources */,
				47C783582A4761AA00E9A61A /* SceneDelegate.swift in Sources */,
				47C783762A47C23D00E9A61A /* Coin.swift in Sources */,
				47C7837C2A47DBFF00E9A61A /* ViewCryptoController.swift in Sources */,
				47C783782A47C5BE00E9A61A /* CoinCell.swift in Sources */,
				47C783722A47630900E9A61A /* Constants.swift in Sources */,
			);
			runOnlyForDeploymentPostprocessing = 0;
		};
/* End PBXSourcesBuildPhase section */

/* Begin PBXVariantGroup section */
		47C783602A4761AC00E9A61A /* LaunchScreen.storyboard */ = {
			isa = PBXVariantGroup;
			children = (
				47C783612A4761AC00E9A61A /* Base */,
			);
			name = LaunchScreen.storyboard;
			sourceTree = "<group>";
		};
/* End PBXVariantGroup section */

/* Begin XCBuildConfiguration section */
		47C783642A4761AC00E9A61A /* Debug */ = {
			isa = XCBuildConfiguration;
			buildSettings = {
				ALWAYS_SEARCH_USER_PATHS = NO;
				CLANG_ANALYZER_NONNULL = YES;
				CLANG_ANALYZER_NUMBER_OBJECT_CONVERSION = YES_AGGRESSIVE;
				CLANG_CXX_LANGUAGE_STANDARD = "gnu++20";
				CLANG_ENABLE_MODULES = YES;
				CLANG_ENABLE_OBJC_ARC = YES;
				CLANG_ENABLE_OBJC_WEAK = YES;
				CLANG_WARN_BLOCK_CAPTURE_AUTORELEASING = YES;
				CLANG_WARN_BOOL_CONVERSION = YES;
				CLANG_WARN_COMMA = YES;
				CLANG_WARN_CONSTANT_CONVERSION = YES;
				CLANG_WARN_DEPRECATED_OBJC_IMPLEMENTATIONS = YES;
				CLANG_WARN_DIRECT_OBJC_ISA_USAGE = YES_ERROR;
				CLANG_WARN_DOCUMENTATION_COMMENTS = YES;
				CLANG_WARN_EMPTY_BODY = YES;
				CLANG_WARN_ENUM_CONVERSION = YES;
				CLANG_WARN_INFINITE_RECURSION = YES;
				CLANG_WARN_INT_CONVERSION = YES;
				CLANG_WARN_NON_LITERAL_NULL_CONVERSION = YES;
				CLANG_WARN_OBJC_IMPLICIT_RETAIN_SELF = YES;
				CLANG_WARN_OBJC_LITERAL_CONVERSION = YES;
				CLANG_WARN_OBJC_ROOT_CLASS = YES_ERROR;
				CLANG_WARN_QUOTED_INCLUDE_IN_FRAMEWORK_HEADER = YES;
				CLANG_WARN_RANGE_LOOP_ANALYSIS = YES;
				CLANG_WARN_STRICT_PROTOTYPES = YES;
				CLANG_WARN_SUSPICIOUS_MOVE = YES;
				CLANG_WARN_UNGUARDED_AVAILABILITY = YES_AGGRESSIVE;
				CLANG_WARN_UNREACHABLE_CODE = YES;
				CLANG_WARN__DUPLICATE_METHOD_MATCH = YES;
				COPY_PHASE_STRIP = NO;
				DEBUG_INFORMATION_FORMAT = dwarf;
				ENABLE_STRICT_OBJC_MSGSEND = YES;
				ENABLE_TESTABILITY = YES;
				GCC_C_LANGUAGE_STANDARD = gnu11;
				GCC_DYNAMIC_NO_PIC = NO;
				GCC_NO_COMMON_BLOCKS = YES;
				GCC_OPTIMIZATION_LEVEL = 0;
				GCC_PREPROCESSOR_DEFINITIONS = (
					"DEBUG=1",
					"$(inherited)",
				);
				GCC_WARN_64_TO_32_BIT_CONVERSION = YES;
				GCC_WARN_ABOUT_RETURN_TYPE = YES_ERROR;
				GCC_WARN_UNDECLARED_SELECTOR = YES;
				GCC_WARN_UNINITIALIZED_AUTOS = YES_AGGRESSIVE;
				GCC_WARN_UNUSED_FUNCTION = YES;
				GCC_WARN_UNUSED_VARIABLE = YES;
				IPHONEOS_DEPLOYMENT_TARGET = 13.0;
				MTL_ENABLE_DEBUG_INFO = INCLUDE_SOURCE;
				MTL_FAST_MATH = YES;
				ONLY_ACTIVE_ARCH = YES;
				SDKROOT = iphoneos;
				SWIFT_ACTIVE_COMPILATION_CONDITIONS = DEBUG;
				SWIFT_OPTIMIZATION_LEVEL = "-Onone";
			};
			name = Debug;
		};
		47C783652A4761AC00E9A61A /* Release */ = {
			isa = XCBuildConfiguration;
			buildSettings = {
				ALWAYS_SEARCH_USER_PATHS = NO;
				CLANG_ANALYZER_NONNULL = YES;
				CLANG_ANALYZER_NUMBER_OBJECT_CONVERSION = YES_AGGRESSIVE;
				CLANG_CXX_LANGUAGE_STANDARD = "gnu++20";
				CLANG_ENABLE_MODULES = YES;
				CLANG_ENABLE_OBJC_ARC = YES;
				CLANG_ENABLE_OBJC_WEAK = YES;
				CLANG_WARN_BLOCK_CAPTURE_AUTORELEASING = YES;
				CLANG_WARN_BOOL_CONVERSION = YES;
				CLANG_WARN_COMMA = YES;
				CLANG_WARN_CONSTANT_CONVERSION = YES;
				CLANG_WARN_DEPRECATED_OBJC_IMPLEMENTATIONS = YES;
				CLANG_WARN_DIRECT_OBJC_ISA_USAGE = YES_ERROR;
				CLANG_WARN_DOCUMENTATION_COMMENTS = YES;
				CLANG_WARN_EMPTY_BODY = YES;
				CLANG_WARN_ENUM_CONVERSION = YES;
				CLANG_WARN_INFINITE_RECURSION = YES;
				CLANG_WARN_INT_CONVERSION = YES;
				CLANG_WARN_NON_LITERAL_NULL_CONVERSION = YES;
				CLANG_WARN_OBJC_IMPLICIT_RETAIN_SELF = YES;
				CLANG_WARN_OBJC_LITERAL_CONVERSION = YES;
				CLANG_WARN_OBJC_ROOT_CLASS = YES_ERROR;
				CLANG_WARN_QUOTED_INCLUDE_IN_FRAMEWORK_HEADER = YES;
				CLANG_WARN_RANGE_LOOP_ANALYSIS = YES;
				CLANG_WARN_STRICT_PROTOTYPES = YES;
				CLANG_WARN_SUSPICIOUS_MOVE = YES;
				CLANG_WARN_UNGUARDED_AVAILABILITY = YES_AGGRESSIVE;
				CLANG_WARN_UNREACHABLE_CODE = YES;
				CLANG_WARN__DUPLICATE_METHOD_MATCH = YES;
				COPY_PHASE_STRIP = NO;
				DEBUG_INFORMATION_FORMAT = "dwarf-with-dsym";
				ENABLE_NS_ASSERTIONS = NO;
				ENABLE_STRICT_OBJC_MSGSEND = YES;
				GCC_C_LANGUAGE_STANDARD = gnu11;
				GCC_NO_COMMON_BLOCKS = YES;
				GCC_WARN_64_TO_32_BIT_CONVERSION = YES;
				GCC_WARN_ABOUT_RETURN_TYPE = YES_ERROR;
				GCC_WARN_UNDECLARED_SELECTOR = YES;
				GCC_WARN_UNINITIALIZED_AUTOS = YES_AGGRESSIVE;
				GCC_WARN_UNUSED_FUNCTION = YES;
				GCC_WARN_UNUSED_VARIABLE = YES;
				IPHONEOS_DEPLOYMENT_TARGET = 13.0;
				MTL_ENABLE_DEBUG_INFO = NO;
				MTL_FAST_MATH = YES;
				SDKROOT = iphoneos;
				SWIFT_COMPILATION_MODE = wholemodule;
				SWIFT_OPTIMIZATION_LEVEL = "-O";
				VALIDATE_PRODUCT = YES;
			};
			name = Release;
		};
		47C783672A4761AC00E9A61A /* Debug */ = {
			isa = XCBuildConfiguration;
			buildSettings = {
				ASSETCATALOG_COMPILER_APPICON_NAME = AppIcon;
				ASSETCATALOG_COMPILER_GLOBAL_ACCENT_COLOR_NAME = AccentColor;
				CODE_SIGN_STYLE = Automatic;
				CURRENT_PROJECT_VERSION = 1;
				DEVELOPMENT_TEAM = 9DJ3NHWZB3;
				GENERATE_INFOPLIST_FILE = YES;
				INFOPLIST_FILE = "MVVM-Example2/Info.plist";
				INFOPLIST_KEY_UIApplicationSupportsIndirectInputEvents = YES;
				INFOPLIST_KEY_UILaunchStoryboardName = LaunchScreen;
				INFOPLIST_KEY_UISupportedInterfaceOrientations_iPad = "UIInterfaceOrientationPortrait UIInterfaceOrientationPortraitUpsideDown UIInterfaceOrientationLandscapeLeft UIInterfaceOrientationLandscapeRight";
				INFOPLIST_KEY_UISupportedInterfaceOrientations_iPhone = "UIInterfaceOrientationPortrait UIInterfaceOrientationLandscapeLeft UIInterfaceOrientationLandscapeRight";
				IPHONEOS_DEPLOYMENT_TARGET = 13.0;
				LD_RUNPATH_SEARCH_PATHS = (
					"$(inherited)",
					"@executable_path/Frameworks",
				);
				MARKETING_VERSION = 1.0;
				PRODUCT_BUNDLE_IDENTIFIER = "com.cs4372.MVVM-Example2";
				PRODUCT_NAME = "$(TARGET_NAME)";
				SWIFT_EMIT_LOC_STRINGS = YES;
				SWIFT_VERSION = 5.0;
				TARGETED_DEVICE_FAMILY = "1,2";
			};
			name = Debug;
		};
		47C783682A4761AC00E9A61A /* Release */ = {
			isa = XCBuildConfiguration;
			buildSettings = {
				ASSETCATALOG_COMPILER_APPICON_NAME = AppIcon;
				ASSETCATALOG_COMPILER_GLOBAL_ACCENT_COLOR_NAME = AccentColor;
				CODE_SIGN_STYLE = Automatic;
				CURRENT_PROJECT_VERSION = 1;
				DEVELOPMENT_TEAM = 9DJ3NHWZB3;
				GENERATE_INFOPLIST_FILE = YES;
				INFOPLIST_FILE = "MVVM-Example2/Info.plist";
				INFOPLIST_KEY_UIApplicationSupportsIndirectInputEvents = YES;
				INFOPLIST_KEY_UILaunchStoryboardName = LaunchScreen;
				INFOPLIST_KEY_UISupportedInterfaceOrientations_iPad = "UIInterfaceOrientationPortrait UIInterfaceOrientationPortraitUpsideDown UIInterfaceOrientationLandscapeLeft UIInterfaceOrientationLandscapeRight";
				INFOPLIST_KEY_UISupportedInterfaceOrientations_iPhone = "UIInterfaceOrientationPortrait UIInterfaceOrientationLandscapeLeft UIInterfaceOrientationLandscapeRight";
				IPHONEOS_DEPLOYMENT_TARGET = 13.0;
				LD_RUNPATH_SEARCH_PATHS = (
					"$(inherited)",
					"@executable_path/Frameworks",
				);
				MARKETING_VERSION = 1.0;
				PRODUCT_BUNDLE_IDENTIFIER = "com.cs4372.MVVM-Example2";
				PRODUCT_NAME = "$(TARGET_NAME)";
				SWIFT_EMIT_LOC_STRINGS = YES;
				SWIFT_VERSION = 5.0;
				TARGETED_DEVICE_FAMILY = "1,2";
			};
			name = Release;
		};
/* End XCBuildConfiguration section */

/* Begin XCConfigurationList section */
		47C7834D2A4761AA00E9A61A /* Build configuration list for PBXProject "MVVM-Example2" */ = {
			isa = XCConfigurationList;
			buildConfigurations = (
				47C783642A4761AC00E9A61A /* Debug */,
				47C783652A4761AC00E9A61A /* Release */,
			);
			defaultConfigurationIsVisible = 0;
			defaultConfigurationName = Release;
		};
		47C783662A4761AC00E9A61A /* Build configuration list for PBXNativeTarget "MVVM-Example2" */ = {
			isa = XCConfigurationList;
			buildConfigurations = (
				47C783672A4761AC00E9A61A /* Debug */,
				47C783682A4761AC00E9A61A /* Release */,
			);
			defaultConfigurationIsVisible = 0;
			defaultConfigurationName = Release;
		};
/* End XCConfigurationList section */
	};
	rootObject = 47C7834A2A4761AA00E9A61A /* Project object */;
}
