// !$*UTF8*$!
{
	archiveVersion = 1;
	classes = {
	};
	objectVersion = 56;
	objects = {

/* Begin PBXBuildFile section */
		47C783192A4404D300E9A61A /* AppDelegate.swift in Sources */ = {isa = PBXBuildFile; fileRef = 47C783182A4404D300E9A61A /* AppDelegate.swift */; };
		47C783222A4404D500E9A61A /* Assets.xcassets in Resources */ = {isa = PBXBuildFile; fileRef = 47C783212A4404D500E9A61A /* Assets.xcassets */; };
		47C783252A4404D500E9A61A /* LaunchScreen.storyboard in Resources */ = {isa = PBXBuildFile; fileRef = 47C783232A4404D500E9A61A /* LaunchScreen.storyboard */; };
		47C7832F2A44065200E9A61A /* MainViewController.swift in Sources */ = {isa = PBXBuildFile; fileRef = 47C7832D2A44065200E9A61A /* MainViewController.swift */; };
		47C783302A44065200E9A61A /* MainViewController.xib in Resources */ = {isa = PBXBuildFile; fileRef = 47C7832E2A44065200E9A61A /* MainViewController.xib */; };
		47C783392A44114C00E9A61A /* MainViewController+TableView.swift in Sources */ = {isa = PBXBuildFile; fileRef = 47C783382A44114C00E9A61A /* MainViewController+TableView.swift */; };
		47C7833B2A44128000E9A61A /* MainViewModel.swift in Sources */ = {isa = PBXBuildFile; fileRef = 47C7833A2A44128000E9A61A /* MainViewModel.swift */; };
		47C7833D2A45497200E9A61A /* NetworkConstants.swift in Sources */ = {isa = PBXBuildFile; fileRef = 47C7833C2A45497200E9A61A /* NetworkConstants.swift */; };
		47C7833F2A454DDF00E9A61A /* APIKeys.plist in Resources */ = {isa = PBXBuildFile; fileRef = 47C7833E2A454DDF00E9A61A /* APIKeys.plist */; };
		47C783412A45515500E9A61A /* APICaller.swift in Sources */ = {isa = PBXBuildFile; fileRef = 47C783402A45515500E9A61A /* APICaller.swift */; };
		47C783462A45522100E9A61A /* TrendingMoviesModel.swift in Sources */ = {isa = PBXBuildFile; fileRef = 47C783452A45522100E9A61A /* TrendingMoviesModel.swift */; };
/* End PBXBuildFile section */

/* Begin PBXFileReference section */
		47C783152A4404D300E9A61A /* MVVM-Example1.app */ = {isa = PBXFileReference; explicitFileType = wrapper.application; includeInIndex = 0; path = "MVVM-Example1.app"; sourceTree = BUILT_PRODUCTS_DIR; };
		47C783182A4404D300E9A61A /* AppDelegate.swift */ = {isa = PBXFileReference; lastKnownFileType = sourcecode.swift; path = AppDelegate.swift; sourceTree = "<group>"; };
		47C783212A4404D500E9A61A /* Assets.xcassets */ = {isa = PBXFileReference; lastKnownFileType = folder.assetcatalog; path = Assets.xcassets; sourceTree = "<group>"; };
		47C783242A4404D500E9A61A /* Base */ = {isa = PBXFileReference; lastKnownFileType = file.storyboard; name = Base; path = Base.lproj/LaunchScreen.storyboard; sourceTree = "<group>"; };
		47C783262A4404D500E9A61A /* Info.plist */ = {isa = PBXFileReference; lastKnownFileType = text.plist.xml; path = Info.plist; sourceTree = "<group>"; };
		47C7832D2A44065200E9A61A /* MainViewController.swift */ = {isa = PBXFileReference; lastKnownFileType = sourcecode.swift; path = MainViewController.swift; sourceTree = "<group>"; };
		47C7832E2A44065200E9A61A /* MainViewController.xib */ = {isa = PBXFileReference; lastKnownFileType = file.xib; path = MainViewController.xib; sourceTree = "<group>"; };
		47C783382A44114C00E9A61A /* MainViewController+TableView.swift */ = {isa = PBXFileReference; lastKnownFileType = sourcecode.swift; path = "MainViewController+TableView.swift"; sourceTree = "<group>"; };
		47C7833A2A44128000E9A61A /* MainViewModel.swift */ = {isa = PBXFileReference; lastKnownFileType = sourcecode.swift; path = MainViewModel.swift; sourceTree = "<group>"; };
		47C7833C2A45497200E9A61A /* NetworkConstants.swift */ = {isa = PBXFileReference; lastKnownFileType = sourcecode.swift; path = NetworkConstants.swift; sourceTree = "<group>"; };
		47C7833E2A454DDF00E9A61A /* APIKeys.plist */ = {isa = PBXFileReference; lastKnownFileType = text.plist.xml; path = APIKeys.plist; sourceTree = "<group>"; };
		47C783402A45515500E9A61A /* APICaller.swift */ = {isa = PBXFileReference; lastKnownFileType = sourcecode.swift; path = APICaller.swift; sourceTree = "<group>"; };
		47C783452A45522100E9A61A /* TrendingMoviesModel.swift */ = {isa = PBXFileReference; lastKnownFileType = sourcecode.swift; path = TrendingMoviesModel.swift; sourceTree = "<group>"; };
/* End PBXFileReference section */

/* Begin PBXFrameworksBuildPhase section */
		47C783122A4404D300E9A61A /* Frameworks */ = {
			isa = PBXFrameworksBuildPhase;
			buildActionMask = 2147483647;
			files = (
			);
			runOnlyForDeploymentPostprocessing = 0;
		};
/* End PBXFrameworksBuildPhase section */

/* Begin PBXGroup section */
		47C7830C2A4404D300E9A61A = {
			isa = PBXGroup;
			children = (
				47C7833E2A454DDF00E9A61A /* APIKeys.plist */,
				47C783172A4404D300E9A61A /* MVVM-Example1 */,
				47C783162A4404D300E9A61A /* Products */,
			);
			sourceTree = "<group>";
		};
		47C783162A4404D300E9A61A /* Products */ = {
			isa = PBXGroup;
			children = (
				47C783152A4404D300E9A61A /* MVVM-Example1.app */,
			);
			name = Products;
			sourceTree = "<group>";
		};
		47C783172A4404D300E9A61A /* MVVM-Example1 */ = {
			isa = PBXGroup;
			children = (
				47C783442A45521100E9A61A /* Model */,
				47C783372A440A3900E9A61A /* Networking */,
				47C783362A440A1600E9A61A /* Extensions */,
				47C783352A440A1100E9A61A /* Classes */,
				47C783342A440A0A00E9A61A /* Resources */,
				47C783312A4409DA00E9A61A /* ViewModel */,
				47C783322A4409E100E9A61A /* View */,
				47C783332A4409E500E9A61A /* Controllers */,
				47C7832C2A44062F00E9A61A /* MainViewController */,
				47C783182A4404D300E9A61A /* AppDelegate.swift */,
				47C783212A4404D500E9A61A /* Assets.xcassets */,
				47C783232A4404D500E9A61A /* LaunchScreen.storyboard */,
				47C783262A4404D500E9A61A /* Info.plist */,
			);
			path = "MVVM-Example1";
			sourceTree = "<group>";
		};
		47C7832C2A44062F00E9A61A /* MainViewController */ = {
			isa = PBXGroup;
			children = (
				47C7832D2A44065200E9A61A /* MainViewController.swift */,
				47C7832E2A44065200E9A61A /* MainViewController.xib */,
				47C783382A44114C00E9A61A /* MainViewController+TableView.swift */,
			);
			path = MainViewController;
			sourceTree = "<group>";
		};
		47C783312A4409DA00E9A61A /* ViewModel */ = {
			isa = PBXGroup;
			children = (
				47C7833A2A44128000E9A61A /* MainViewModel.swift */,
			);
			path = ViewModel;
			sourceTree = "<group>";
		};
		47C783322A4409E100E9A61A /* View */ = {
			isa = PBXGroup;
			children = (
			);
			path = View;
			sourceTree = "<group>";
		};
		47C783332A4409E500E9A61A /* Controllers */ = {
			isa = PBXGroup;
			children = (
			);
			path = Controllers;
			sourceTree = "<group>";
		};
		47C783342A440A0A00E9A61A /* Resources */ = {
			isa = PBXGroup;
			children = (
			);
			path = Resources;
			sourceTree = "<group>";
		};
		47C783352A440A1100E9A61A /* Classes */ = {
			isa = PBXGroup;
			children = (
			);
			path = Classes;
			sourceTree = "<group>";
		};
		47C783362A440A1600E9A61A /* Extensions */ = {
			isa = PBXGroup;
			children = (
			);
			path = Extensions;
			sourceTree = "<group>";
		};
		47C783372A440A3900E9A61A /* Networking */ = {
			isa = PBXGroup;
			children = (
				47C7833C2A45497200E9A61A /* NetworkConstants.swift */,
				47C783402A45515500E9A61A /* APICaller.swift */,
			);
			path = Networking;
			sourceTree = "<group>";
		};
		47C783442A45521100E9A61A /* Model */ = {
			isa = PBXGroup;
			children = (
				47C783452A45522100E9A61A /* TrendingMoviesModel.swift */,
			);
			path = Model;
			sourceTree = "<group>";
		};
/* End PBXGroup section */

/* Begin PBXNativeTarget section */
		47C783142A4404D300E9A61A /* MVVM-Example1 */ = {
			isa = PBXNativeTarget;
			buildConfigurationList = 47C783292A4404D500E9A61A /* Build configuration list for PBXNativeTarget "MVVM-Example1" */;
			buildPhases = (
				47C783112A4404D300E9A61A /* Sources */,
				47C783122A4404D300E9A61A /* Frameworks */,
				47C783132A4404D300E9A61A /* Resources */,
			);
			buildRules = (
			);
			dependencies = (
			);
			name = "MVVM-Example1";
			productName = "MVVM-Example1";
			productReference = 47C783152A4404D300E9A61A /* MVVM-Example1.app */;
			productType = "com.apple.product-type.application";
		};
/* End PBXNativeTarget section */

/* Begin PBXProject section */
		47C7830D2A4404D300E9A61A /* Project object */ = {
			isa = PBXProject;
			attributes = {
				BuildIndependentTargetsInParallel = 1;
				LastSwiftUpdateCheck = 1430;
				LastUpgradeCheck = 1430;
				TargetAttributes = {
					47C783142A4404D300E9A61A = {
						CreatedOnToolsVersion = 14.3.1;
					};
				};
			};
			buildConfigurationList = 47C783102A4404D300E9A61A /* Build configuration list for PBXProject "MVVM-Example1" */;
			compatibilityVersion = "Xcode 14.0";
			developmentRegion = en;
			hasScannedForEncodings = 0;
			knownRegions = (
				en,
				Base,
			);
			mainGroup = 47C7830C2A4404D300E9A61A;
			productRefGroup = 47C783162A4404D300E9A61A /* Products */;
			projectDirPath = "";
			projectRoot = "";
			targets = (
				47C783142A4404D300E9A61A /* MVVM-Example1 */,
			);
		};
/* End PBXProject section */

/* Begin PBXResourcesBuildPhase section */
		47C783132A4404D300E9A61A /* Resources */ = {
			isa = PBXResourcesBuildPhase;
			buildActionMask = 2147483647;
			files = (
				47C783252A4404D500E9A61A /* LaunchScreen.storyboard in Resources */,
				47C7833F2A454DDF00E9A61A /* APIKeys.plist in Resources */,
				47C783302A44065200E9A61A /* MainViewController.xib in Resources */,
				47C783222A4404D500E9A61A /* Assets.xcassets in Resources */,
			);
			runOnlyForDeploymentPostprocessing = 0;
		};
/* End PBXResourcesBuildPhase section */

/* Begin PBXSourcesBuildPhase section */
		47C783112A4404D300E9A61A /* Sources */ = {
			isa = PBXSourcesBuildPhase;
			buildActionMask = 2147483647;
			files = (
				47C783192A4404D300E9A61A /* AppDelegate.swift in Sources */,
				47C783412A45515500E9A61A /* APICaller.swift in Sources */,
				47C783392A44114C00E9A61A /* MainViewController+TableView.swift in Sources */,
				47C7833D2A45497200E9A61A /* NetworkConstants.swift in Sources */,
				47C7832F2A44065200E9A61A /* MainViewController.swift in Sources */,
				47C7833B2A44128000E9A61A /* MainViewModel.swift in Sources */,
				47C783462A45522100E9A61A /* TrendingMoviesModel.swift in Sources */,
			);
			runOnlyForDeploymentPostprocessing = 0;
		};
/* End PBXSourcesBuildPhase section */

/* Begin PBXVariantGroup section */
		47C783232A4404D500E9A61A /* LaunchScreen.storyboard */ = {
			isa = PBXVariantGroup;
			children = (
				47C783242A4404D500E9A61A /* Base */,
			);
			name = LaunchScreen.storyboard;
			sourceTree = "<group>";
		};
/* End PBXVariantGroup section */

/* Begin XCBuildConfiguration section */
		47C783272A4404D500E9A61A /* Debug */ = {
			isa = XCBuildConfiguration;
			buildSettings = {
				ALWAYS_SEARCH_USER_PATHS = NO;
				CLANG_ANALYZER_NONNULL = YES;
				CLANG_ANALYZER_NUMBER_OBJECT_CONVERSION = YES_AGGRESSIVE;
				CLANG_CXX_LANGUAGE_STANDARD = "gnu++20";
				CLANG_ENABLE_MODULES = YES;
				CLANG_ENABLE_OBJC_ARC = YES;
				CLANG_ENABLE_OBJC_WEAK = YES;
				CLANG_WARN_BLOCK_CAPTURE_AUTORELEASING = YES;
				CLANG_WARN_BOOL_CONVERSION = YES;
				CLANG_WARN_COMMA = YES;
				CLANG_WARN_CONSTANT_CONVERSION = YES;
				CLANG_WARN_DEPRECATED_OBJC_IMPLEMENTATIONS = YES;
				CLANG_WARN_DIRECT_OBJC_ISA_USAGE = YES_ERROR;
				CLANG_WARN_DOCUMENTATION_COMMENTS = YES;
				CLANG_WARN_EMPTY_BODY = YES;
				CLANG_WARN_ENUM_CONVERSION = YES;
				CLANG_WARN_INFINITE_RECURSION = YES;
				CLANG_WARN_INT_CONVERSION = YES;
				CLANG_WARN_NON_LITERAL_NULL_CONVERSION = YES;
				CLANG_WARN_OBJC_IMPLICIT_RETAIN_SELF = YES;
				CLANG_WARN_OBJC_LITERAL_CONVERSION = YES;
				CLANG_WARN_OBJC_ROOT_CLASS = YES_ERROR;
				CLANG_WARN_QUOTED_INCLUDE_IN_FRAMEWORK_HEADER = YES;
				CLANG_WARN_RANGE_LOOP_ANALYSIS = YES;
				CLANG_WARN_STRICT_PROTOTYPES = YES;
				CLANG_WARN_SUSPICIOUS_MOVE = YES;
				CLANG_WARN_UNGUARDED_AVAILABILITY = YES_AGGRESSIVE;
				CLANG_WARN_UNREACHABLE_CODE = YES;
				CLANG_WARN__DUPLICATE_METHOD_MATCH = YES;
				COPY_PHASE_STRIP = NO;
				DEBUG_INFORMATION_FORMAT = dwarf;
				ENABLE_STRICT_OBJC_MSGSEND = YES;
				ENABLE_TESTABILITY = YES;
				GCC_C_LANGUAGE_STANDARD = gnu11;
				GCC_DYNAMIC_NO_PIC = NO;
				GCC_NO_COMMON_BLOCKS = YES;
				GCC_OPTIMIZATION_LEVEL = 0;
				GCC_PREPROCESSOR_DEFINITIONS = (
					"DEBUG=1",
					"$(inherited)",
				);
				GCC_WARN_64_TO_32_BIT_CONVERSION = YES;
				GCC_WARN_ABOUT_RETURN_TYPE = YES_ERROR;
				GCC_WARN_UNDECLARED_SELECTOR = YES;
				GCC_WARN_UNINITIALIZED_AUTOS = YES_AGGRESSIVE;
				GCC_WARN_UNUSED_FUNCTION = YES;
				GCC_WARN_UNUSED_VARIABLE = YES;
				IPHONEOS_DEPLOYMENT_TARGET = 16.4;
				MTL_ENABLE_DEBUG_INFO = INCLUDE_SOURCE;
				MTL_FAST_MATH = YES;
				ONLY_ACTIVE_ARCH = YES;
				SDKROOT = iphoneos;
				SWIFT_ACTIVE_COMPILATION_CONDITIONS = DEBUG;
				SWIFT_OPTIMIZATION_LEVEL = "-Onone";
			};
			name = Debug;
		};
		47C783282A4404D500E9A61A /* Release */ = {
			isa = XCBuildConfiguration;
			buildSettings = {
				ALWAYS_SEARCH_USER_PATHS = NO;
				CLANG_ANALYZER_NONNULL = YES;
				CLANG_ANALYZER_NUMBER_OBJECT_CONVERSION = YES_AGGRESSIVE;
				CLANG_CXX_LANGUAGE_STANDARD = "gnu++20";
				CLANG_ENABLE_MODULES = YES;
				CLANG_ENABLE_OBJC_ARC = YES;
				CLANG_ENABLE_OBJC_WEAK = YES;
				CLANG_WARN_BLOCK_CAPTURE_AUTORELEASING = YES;
				CLANG_WARN_BOOL_CONVERSION = YES;
				CLANG_WARN_COMMA = YES;
				CLANG_WARN_CONSTANT_CONVERSION = YES;
				CLANG_WARN_DEPRECATED_OBJC_IMPLEMENTATIONS = YES;
				CLANG_WARN_DIRECT_OBJC_ISA_USAGE = YES_ERROR;
				CLANG_WARN_DOCUMENTATION_COMMENTS = YES;
				CLANG_WARN_EMPTY_BODY = YES;
				CLANG_WARN_ENUM_CONVERSION = YES;
				CLANG_WARN_INFINITE_RECURSION = YES;
				CLANG_WARN_INT_CONVERSION = YES;
				CLANG_WARN_NON_LITERAL_NULL_CONVERSION = YES;
				CLANG_WARN_OBJC_IMPLICIT_RETAIN_SELF = YES;
				CLANG_WARN_OBJC_LITERAL_CONVERSION = YES;
				CLANG_WARN_OBJC_ROOT_CLASS = YES_ERROR;
				CLANG_WARN_QUOTED_INCLUDE_IN_FRAMEWORK_HEADER = YES;
				CLANG_WARN_RANGE_LOOP_ANALYSIS = YES;
				CLANG_WARN_STRICT_PROTOTYPES = YES;
				CLANG_WARN_SUSPICIOUS_MOVE = YES;
				CLANG_WARN_UNGUARDED_AVAILABILITY = YES_AGGRESSIVE;
				CLANG_WARN_UNREACHABLE_CODE = YES;
				CLANG_WARN__DUPLICATE_METHOD_MATCH = YES;
				COPY_PHASE_STRIP = NO;
				DEBUG_INFORMATION_FORMAT = "dwarf-with-dsym";
				ENABLE_NS_ASSERTIONS = NO;
				ENABLE_STRICT_OBJC_MSGSEND = YES;
				GCC_C_LANGUAGE_STANDARD = gnu11;
				GCC_NO_COMMON_BLOCKS = YES;
				GCC_WARN_64_TO_32_BIT_CONVERSION = YES;
				GCC_WARN_ABOUT_RETURN_TYPE = YES_ERROR;
				GCC_WARN_UNDECLARED_SELECTOR = YES;
				GCC_WARN_UNINITIALIZED_AUTOS = YES_AGGRESSIVE;
				GCC_WARN_UNUSED_FUNCTION = YES;
				GCC_WARN_UNUSED_VARIABLE = YES;
				IPHONEOS_DEPLOYMENT_TARGET = 16.4;
				MTL_ENABLE_DEBUG_INFO = NO;
				MTL_FAST_MATH = YES;
				SDKROOT = iphoneos;
				SWIFT_COMPILATION_MODE = wholemodule;
				SWIFT_OPTIMIZATION_LEVEL = "-O";
				VALIDATE_PRODUCT = YES;
			};
			name = Release;
		};
		47C7832A2A4404D500E9A61A /* Debug */ = {
			isa = XCBuildConfiguration;
			buildSettings = {
				ASSETCATALOG_COMPILER_APPICON_NAME = AppIcon;
				ASSETCATALOG_COMPILER_GLOBAL_ACCENT_COLOR_NAME = AccentColor;
				CODE_SIGN_STYLE = Automatic;
				CURRENT_PROJECT_VERSION = 1;
				DEVELOPMENT_TEAM = 9DJ3NHWZB3;
				GENERATE_INFOPLIST_FILE = YES;
				INFOPLIST_FILE = "MVVM-Example1/Info.plist";
				INFOPLIST_KEY_UIApplicationSupportsIndirectInputEvents = YES;
				INFOPLIST_KEY_UILaunchStoryboardName = LaunchScreen;
				INFOPLIST_KEY_UISupportedInterfaceOrientations = UIInterfaceOrientationPortrait;
				IPHONEOS_DEPLOYMENT_TARGET = 15.0;
				LD_RUNPATH_SEARCH_PATHS = (
					"$(inherited)",
					"@executable_path/Frameworks",
				);
				MARKETING_VERSION = 1.0;
				PRODUCT_BUNDLE_IDENTIFIER = "com.cs4372.MVVM-Example1";
				PRODUCT_NAME = "$(TARGET_NAME)";
				SWIFT_EMIT_LOC_STRINGS = YES;
				SWIFT_VERSION = 5.0;
				TARGETED_DEVICE_FAMILY = "1,2";
			};
			name = Debug;
		};
		47C7832B2A4404D500E9A61A /* Release */ = {
			isa = XCBuildConfiguration;
			buildSettings = {
				ASSETCATALOG_COMPILER_APPICON_NAME = AppIcon;
				ASSETCATALOG_COMPILER_GLOBAL_ACCENT_COLOR_NAME = AccentColor;
				CODE_SIGN_STYLE = Automatic;
				CURRENT_PROJECT_VERSION = 1;
				DEVELOPMENT_TEAM = 9DJ3NHWZB3;
				GENERATE_INFOPLIST_FILE = YES;
				INFOPLIST_FILE = "MVVM-Example1/Info.plist";
				INFOPLIST_KEY_UIApplicationSupportsIndirectInputEvents = YES;
				INFOPLIST_KEY_UILaunchStoryboardName = LaunchScreen;
				INFOPLIST_KEY_UISupportedInterfaceOrientations = UIInterfaceOrientationPortrait;
				IPHONEOS_DEPLOYMENT_TARGET = 15.0;
				LD_RUNPATH_SEARCH_PATHS = (
					"$(inherited)",
					"@executable_path/Frameworks",
				);
				MARKETING_VERSION = 1.0;
				PRODUCT_BUNDLE_IDENTIFIER = "com.cs4372.MVVM-Example1";
				PRODUCT_NAME = "$(TARGET_NAME)";
				SWIFT_EMIT_LOC_STRINGS = YES;
				SWIFT_VERSION = 5.0;
				TARGETED_DEVICE_FAMILY = "1,2";
			};
			name = Release;
		};
/* End XCBuildConfiguration section */

/* Begin XCConfigurationList section */
		47C783102A4404D300E9A61A /* Build configuration list for PBXProject "MVVM-Example1" */ = {
			isa = XCConfigurationList;
			buildConfigurations = (
				47C783272A4404D500E9A61A /* Debug */,
				47C783282A4404D500E9A61A /* Release */,
			);
			defaultConfigurationIsVisible = 0;
			defaultConfigurationName = Release;
		};
		47C783292A4404D500E9A61A /* Build configuration list for PBXNativeTarget "MVVM-Example1" */ = {
			isa = XCConfigurationList;
			buildConfigurations = (
				47C7832A2A4404D500E9A61A /* Debug */,
				47C7832B2A4404D500E9A61A /* Release */,
			);
			defaultConfigurationIsVisible = 0;
			defaultConfigurationName = Release;
		};
/* End XCConfigurationList section */
	};
	rootObject = 47C7830D2A4404D300E9A61A /* Project object */;
}
